{
  "name": "fixture-app",
  "version": "1.0.0",
  "lockfileVersion": 3,
  "requires": true,
  "packages": {
    "": {
      "name": "fixture-app",
      "version": "1.0.0",
      "dependencies": {
        "debug": "^4.3.4",
        "ms": "^2.1.3"
      },
      "devDependencies": {
        "prettier": "^3.3.3"
      }
    },
    "node_modules/debug": {
      "version": "4.3.7",
      "resolved": "https://registry.npmjs.org/debug/-/debug-4.3.7.tgz",
      "integrity": "sha512-Er2nc/H7t+JB3j+Q6eqeoT/TlFZS1n5RGTINCrhY85dYHS5h6I5xgTXZRM09d87DuYAOsA3bW8TuTQIkssJnfOg==",
      "license": "MIT",
      "dependencies": {
        "ms": "^2.1.3",
        "supports-color": "^7.1.0"
      }
    },
    "node_modules/ms": {
      "version": "2.1.3",
      "resolved": "https://registry.npmjs.org/ms/-/ms-2.1.3.tgz",
      "integrity": "sha512-6FlzubTLZG3J2a/NVCAleEhjzq5oxgHbaGU7r4G80CiJR3hbxiFFFD5O8bWp2TBZ0mg3WkRQ9Fy0ll2GpmM8Pg==",
      "license": "MIT"
    },
    "node_modules/prettier": {
      "version": "3.3.3",
      "resolved": "https://registry.npmjs.org/prettier/-/prettier-3.3.3.tgz",
      "integrity": "sha512-ZJsN3u81zXFO/DdxK98KQDXhK0SPoWXQzcRiwt/RI+Yq/p6ZWPF8DMB/1AqIg+T1XQLVkINRg4gIhLHKgRlj2g==",
      "dev": true,
      "license": "MIT",
      "bin": {
        "prettier": "bin/prettier.cjs"
      },
      "engines": {
        "node": ">=14"
      }
    },
    "node_modules/prettier/node_modules/ansi-styles": {
      "version": "4.3.0",
      "resolved": "https://registry.npmjs.org/ansi-styles/-/ansi-styles-4.3.0.tgz",
      "integrity": "sha512-zbB9rCJAT1rbjiVDb2hqKFHNYLxgtk8NURxZ3IZwD3F6NtxbXZQCnnSi1Lkx+IDgdcqgkYJS6Yh8gtEJVTRQ2g==",
      "dev": true,
      "license": "MIT",
      "engines": {
        "node": ">=8"
      }
    },
    "node_modules/supports-color": {
      "version": "7.2.0",
      "resolved": "https://registry.npmjs.org/supports-color/-/supports-color-7.2.0.tgz",
      "integrity": "sha512-qpCAvRl9stuOHveKfp7ccJpLLmXOKOYMXeRb98M1d0Z48u0KfaZ9G9mYFoYSa+0ki8dVODccZtvofx+quCRnxQ==",
      "license": "MIT",
      "engines": {
        "node": ">=8"
      }
    }
  }
}
